foliage_transaction_block:
  type: object
  properties:
    prev_transaction_block_hash:
      type: string
      example: "0xf88a87d79c8e65ca559b7e74a9aca3a6f9fc90e6bb9dc6cb4602ed599610876e"
    timestamp:
      type: integer
      example: 1636577488
      format: uint64
    filter_hash:
      type: string
      example: "0xea0d50f296d1bdaccc00be16e48a310dd4fa1fcf575065761add6366498b3fbf"
    additions_root:
      type: string
      example: "0x2c04ae163cf5916b774e2591b075560b6dface2b242d10cbb9f40b134cdf2080"
    removals_root:
      type: string
      example: "0x409433654e3b7a530da6cf55c93abde2c7a71a2ea9814883ceef956f8fed61ea"
    transactions_info_hash:
      type: string
      example: "0x9f3d9cb990c560fb66d4e09a9da79844ce933a809bc754eb151775f3600b73ed"
